
Microsoft Visual Studio Solution File, Format Version 12.00
# Visual Studio Version 17
VisualStudioVersion = 17.12.35527.113
MinimumVisualStudioVersion = 10.0.40219.1
Project("{2150E333-8FDC-42A3-9474-1A3956D46DE8}") = "src", "src", "{3B241DEB-A308-4C5A-9EEB-72DA7D21C1CA}"
EndProject
Project("{2150E333-8FDC-42A3-9474-1A3956D46DE8}") = "services", "services", "{AD2EEC25-B789-4588-83F5-3B94A78E8321}"
EndProject
Project("{2150E333-8FDC-42A3-9474-1A3956D46DE8}") = "catalog", "catalog", "{24950B83-F894-4F32-8064-6EB3BA424D44}"
EndProject
Project("{FAE04EC0-301F-11D3-BF4B-00C04F79EFBC}") = "Catalog.API", "src\services\catalog\Catalog.API\Catalog.API.csproj", "{D0BAC46B-A284-4B25-A9B9-A609D3CBE4B6}"
EndProject
Project("{E53339B2-1760-4266-BCC7-CA923CBCF16C}") = "docker-compose", "docker-compose.dcproj", "{DDDE4CC3-523B-477D-8C7F-14586A3FF38E}"
EndProject
Project("{2150E333-8FDC-42A3-9474-1A3956D46DE8}") = "Shared", "Shared", "{BDFDAF6D-D5E5-4FA0-8316-86392DC7A48E}"
EndProject
Project("{FAE04EC0-301F-11D3-BF4B-00C04F79EFBC}") = "Shared", "..\Shared\Shared.csproj", "{38F1688C-828D-40C4-883D-38E865F31BE9}"
EndProject
Global
	GlobalSection(SolutionConfigurationPlatforms) = preSolution
		Debug|Any CPU = Debug|Any CPU
		Release|Any CPU = Release|Any CPU
	EndGlobalSection
	GlobalSection(ProjectConfigurationPlatforms) = postSolution
		{D0BAC46B-A284-4B25-A9B9-A609D3CBE4B6}.Debug|Any CPU.ActiveCfg = Debug|Any CPU
		{D0BAC46B-A284-4B25-A9B9-A609D3CBE4B6}.Debug|Any CPU.Build.0 = Debug|Any CPU
		{D0BAC46B-A284-4B25-A9B9-A609D3CBE4B6}.Release|Any CPU.ActiveCfg = Release|Any CPU
		{D0BAC46B-A284-4B25-A9B9-A609D3CBE4B6}.Release|Any CPU.Build.0 = Release|Any CPU
		{DDDE4CC3-523B-477D-8C7F-14586A3FF38E}.Debug|Any CPU.ActiveCfg = Debug|Any CPU
		{DDDE4CC3-523B-477D-8C7F-14586A3FF38E}.Debug|Any CPU.Build.0 = Debug|Any CPU
		{DDDE4CC3-523B-477D-8C7F-14586A3FF38E}.Release|Any CPU.ActiveCfg = Release|Any CPU
		{DDDE4CC3-523B-477D-8C7F-14586A3FF38E}.Release|Any CPU.Build.0 = Release|Any CPU
		{38F1688C-828D-40C4-883D-38E865F31BE9}.Debug|Any CPU.ActiveCfg = Debug|Any CPU
		{38F1688C-828D-40C4-883D-38E865F31BE9}.Debug|Any CPU.Build.0 = Debug|Any CPU
		{38F1688C-828D-40C4-883D-38E865F31BE9}.Release|Any CPU.ActiveCfg = Release|Any CPU
		{38F1688C-828D-40C4-883D-38E865F31BE9}.Release|Any CPU.Build.0 = Release|Any CPU
	EndGlobalSection
	GlobalSection(SolutionProperties) = preSolution
		HideSolutionNode = FALSE
	EndGlobalSection
	GlobalSection(NestedProjects) = preSolution
		{AD2EEC25-B789-4588-83F5-3B94A78E8321} = {3B241DEB-A308-4C5A-9EEB-72DA7D21C1CA}
		{24950B83-F894-4F32-8064-6EB3BA424D44} = {AD2EEC25-B789-4588-83F5-3B94A78E8321}
		{D0BAC46B-A284-4B25-A9B9-A609D3CBE4B6} = {24950B83-F894-4F32-8064-6EB3BA424D44}
		{BDFDAF6D-D5E5-4FA0-8316-86392DC7A48E} = {AD2EEC25-B789-4588-83F5-3B94A78E8321}
		{38F1688C-828D-40C4-883D-38E865F31BE9} = {BDFDAF6D-D5E5-4FA0-8316-86392DC7A48E}
	EndGlobalSection
EndGlobal
